<Solution>
  <Project Path="WoofBot.Core/WoofBot.Core.csproj" />
  <Project Path="WoofBot.Sdk/WoofBot.Sdk.csproj" />
  <Folder Name="/adapters/">
    <Project Path="adapters/WoofBot.Adapters.Milky/WoofBot.Adapters.Milky.csproj" />
    <Project Path="adapters/WoofBot.Adapters.OneBot/WoofBot.Adapters.OneBot.csproj" />
  </Folder>
  <Folder Name="/plugins/">
    <Project Path="plugins/WoofBot.Plugins.BiliBili/WoofBot.Plugins.BiliBili.csproj" />
    <Project Path="plugins/WoofBot.Plugins.LLM/WoofBot.Plugins.LLM.csproj" />
    <Project Path="plugins/WoofBot.Plugins.Ping/WoofBot.Plugins.Ping.csproj" />
    <Project Path="plugins/WoofBot.Plugins.Record/WoofBot.Plugins.Record.csproj" />
  </Folder>
</Solution>
