<Solution>
  <Folder Name="/src/">
    <Project Path="src/WoofBot.Core/WoofBot.Core.csproj" />
    <Project Path="src/WoofBot.Sdk/WoofBot.Sdk.csproj" />
  </Folder>
  <Folder Name="/src/adapters/">
    <Project Path="src/adapters/WoofBot.Adapters.OneBot/WoofBot.Adapters.OneBot.csproj" />
  </Folder>
  <Folder Name="/src/plugins/">
    <Project Path="src/plugins/WoofBot.Plugins.LLM/WoofBot.Plugins.LLM.csproj" />
    <Project Path="src/plugins/WoofBot.Plugins.Ping/WoofBot.Plugins.Ping.csproj" />
    <Project Path="src/plugins/WoofBot.Plugins.Record/WoofBot.Plugins.Record.csproj" />
  </Folder>
</Solution>
